<?xml version="1.0" encoding="utf-8"?>
<Project ToolsVersion="4.0" xmlns="http://schemas.microsoft.com/developer/msbuild/2003">
  <ItemGroup>
    <Filter Include="Source Files">
      <UniqueIdentifier>{4FC737F1-C7A5-4376-A066-2A32D752A2FF}</UniqueIdentifier>
      <Extensions>cpp;c;cc;cxx;def;odl;idl;hpj;bat;asm;asmx</Extensions>
    </Filter>
    <Filter Include="Header Files">
      <UniqueIdentifier>{93995380-89BD-4b04-88EB-625FBE52EBFB}</UniqueIdentifier>
      <Extensions>h;hh;hpp;hxx;hm;inl;inc;xsd</Extensions>
    </Filter>
    <Filter Include="Resource Files">
      <UniqueIdentifier>{67DA6AB6-F800-4c08-8B7A-83BB121AAD01}</UniqueIdentifier>
      <Extensions>rc;ico;cur;bmp;dlg;rc2;rct;bin;rgs;gif;jpg;jpeg;jpe;resx;tiff;tif;png;wav;mfcribbon-ms</Extensions>
    </Filter>
    <Filter Include="Source Files\appmain">
      <UniqueIdentifier>{72504d3b-555b-4dce-a757-5663f3311413}</UniqueIdentifier>
    </Filter>
    <Filter Include="Source Files\common">
      <UniqueIdentifier>{74486c02-9f65-4b7e-a5ad-7db4f973867f}</UniqueIdentifier>
    </Filter>
    <Filter Include="Source Files\window">
      <UniqueIdentifier>{aeaf1c08-ad30-4a38-b7b0-7720ba403c11}</UniqueIdentifier>
    </Filter>
    <Filter Include="Source Files\window\mainwindow">
      <UniqueIdentifier>{eaa536d9-64c4-4fb4-8934-4d74e6a7655c}</UniqueIdentifier>
    </Filter>
    <Filter Include="Source Files\window\iwindow">
      <UniqueIdentifier>{e03d5c83-d23a-4385-a602-21a697725567}</UniqueIdentifier>
    </Filter>
  </ItemGroup>
  <ItemGroup>
    <ClInclude Include="appmain.h">
      <Filter>Source Files\appmain</Filter>
    </ClInclude>
    <ClInclude Include="commonheader.h">
      <Filter>Source Files\common</Filter>
    </ClInclude>
    <ClInclude Include="mainwindow.h">
      <Filter>Source Files\window\mainwindow</Filter>
    </ClInclude>
    <ClInclude Include="ibasewindow.h">
      <Filter>Source Files\window\iwindow</Filter>
    </ClInclude>
  </ItemGroup>
  <ItemGroup>
    <ClCompile Include="appmain.cpp">
      <Filter>Source Files\appmain</Filter>
    </ClCompile>
    <ClCompile Include="mainwindow.cpp">
      <Filter>Source Files\window\mainwindow</Filter>
    </ClCompile>
    <ClCompile Include="ibasewindow.cpp">
      <Filter>Source Files\window\iwindow</Filter>
    </ClCompile>
  </ItemGroup>
</Project>